PODS:
  - Bolts/Tasks (1.6.0)
  - EAIntroView (2.7.4):
    - EARestrictedScrollView (~> 0.2.0)
  - EARestrictedScrollView (0.2.0)
  - Parse (1.12.0):
    - Bolts/Tasks (~> 1.5)
  - ParseUI (1.2.0):
    - Bolts/Tasks (~> 1.3)
    - Parse (~> 1.9)
  - PureLayout (3.0.1)
  - SVProgressHUD (1.1.3)

DEPENDENCIES:
  - EAIntroView (from `https://github.com/ealeksandrov/EAIntroView.git`, tag `2.7.4`)
  - Parse
  - ParseUI
  - PureLayout
  - SVProgressHUD

EXTERNAL SOURCES:
  EAIntroView:
    :git: https://github.com/ealeksandrov/EAIntroView.git
    :tag: 2.7.4

CHECKOUT OPTIONS:
  EAIntroView:
    :git: https://github.com/ealeksandrov/EAIntroView.git
    :tag: 2.7.4

SPEC CHECKSUMS:
  Bolts: f52a250053bb517ca874523c3913776359ab3def
  EAIntroView: 50b85eedf414260e61330070ffe5947e72493a62
  EARestrictedScrollView: f86d61e16c61d3e93c84f8e96e83122a2a3b7631
  Parse: de2c52a9a1421b91ae7594ab8ce191afd184f19b
  ParseUI: af2eba584799da4a9fbdac0e178662d7438b502e
  PureLayout: f35f5384c9c4e4479df041dbe33ad7577b71ddfb
  SVProgressHUD: 748080e4f36e603f6c02aec292664239df5279c1

COCOAPODS: 0.39.0
